// !$*UTF8*$!
{
	archiveVersion = 1;
	classes = {
	};
	objectVersion = 46;
	objects = {

/* Begin PBXBuildFile section */
		090164FA1CFB005700B8D5C4 /* ComposeInfo.swift in Sources */ = {isa = PBXBuildFile; fileRef = 090164F91CFB005700B8D5C4 /* ComposeInfo.swift */; };
		096AC2741CFAE41A00026345 /* Assets.xcassets in Resources */ = {isa = PBXBuildFile; fileRef = 096AC2731CFAE41A00026345 /* Assets.xcassets */; };
		099905721CFAE1FA00865FFB /* AppDelegate.swift in Sources */ = {isa = PBXBuildFile; fileRef = 099904F61CFAE1FA00865FFB /* AppDelegate.swift */; };
		099905741CFAE1FA00865FFB /* CompostController.swift in Sources */ = {isa = PBXBuildFile; fileRef = 099904FC1CFAE1FA00865FFB /* CompostController.swift */; };
		099905761CFAE1FA00865FFB /* CompostButton.swift in Sources */ = {isa = PBXBuildFile; fileRef = 099905001CFAE1FA00865FFB /* CompostButton.swift */; };
		099905771CFAE1FA00865FFB /* ComposeView.swift in Sources */ = {isa = PBXBuildFile; fileRef = 099905011CFAE1FA00865FFB /* ComposeView.swift */; };
		099905781CFAE1FA00865FFB /* DiscoverController.swift in Sources */ = {isa = PBXBuildFile; fileRef = 099905041CFAE1FA00865FFB /* DiscoverController.swift */; };
		099905791CFAE1FA00865FFB /* CCSearchBar.swift in Sources */ = {isa = PBXBuildFile; fileRef = 099905071CFAE1FA00865FFB /* CCSearchBar.swift */; };
		0999057A1CFAE1FA00865FFB /* CCSearchBar.xib in Resources */ = {isa = PBXBuildFile; fileRef = 099905081CFAE1FA00865FFB /* CCSearchBar.xib */; };
		0999057B1CFAE1FA00865FFB /* DetailViewController.swift in Sources */ = {isa = PBXBuildFile; fileRef = 0999050C1CFAE1FA00865FFB /* DetailViewController.swift */; };
		0999057C1CFAE1FA00865FFB /* HomeController.swift in Sources */ = {isa = PBXBuildFile; fileRef = 0999050D1CFAE1FA00865FFB /* HomeController.swift */; };
		0999057D1CFAE1FA00865FFB /* Status.swift in Sources */ = {isa = PBXBuildFile; fileRef = 0999050F1CFAE1FA00865FFB /* Status.swift */; };
		0999057E1CFAE1FA00865FFB /* User.swift in Sources */ = {isa = PBXBuildFile; fileRef = 099905101CFAE1FA00865FFB /* User.swift */; };
		0999057F1CFAE1FA00865FFB /* CCRefreshControl.swift in Sources */ = {isa = PBXBuildFile; fileRef = 099905121CFAE1FA00865FFB /* CCRefreshControl.swift */; };
		099905801CFAE1FA00865FFB /* RepostContentView.swift in Sources */ = {isa = PBXBuildFile; fileRef = 099905131CFAE1FA00865FFB /* RepostContentView.swift */; };
		099905811CFAE1FA00865FFB /* StatusBottom.swift in Sources */ = {isa = PBXBuildFile; fileRef = 099905141CFAE1FA00865FFB /* StatusBottom.swift */; };
		099905821CFAE1FA00865FFB /* StatusCell.swift in Sources */ = {isa = PBXBuildFile; fileRef = 099905151CFAE1FA00865FFB /* StatusCell.swift */; };
		099905831CFAE1FA00865FFB /* StatusOriginalView.swift in Sources */ = {isa = PBXBuildFile; fileRef = 099905161CFAE1FA00865FFB /* StatusOriginalView.swift */; };
		099905841CFAE1FA00865FFB /* StatusPhotoCell.swift in Sources */ = {isa = PBXBuildFile; fileRef = 099905171CFAE1FA00865FFB /* StatusPhotoCell.swift */; };
		099905851CFAE1FA00865FFB /* StatusPhotoView.swift in Sources */ = {isa = PBXBuildFile; fileRef = 099905181CFAE1FA00865FFB /* StatusPhotoView.swift */; };
		099905861CFAE1FA00865FFB /* StatusListViewModel.swift in Sources */ = {isa = PBXBuildFile; fileRef = 0999051A1CFAE1FA00865FFB /* StatusListViewModel.swift */; };
		099905871CFAE1FA00865FFB /* StatusViewModel.swift in Sources */ = {isa = PBXBuildFile; fileRef = 0999051B1CFAE1FA00865FFB /* StatusViewModel.swift */; };
		099905881CFAE1FA00865FFB /* Info.plist in Resources */ = {isa = PBXBuildFile; fileRef = 0999051E1CFAE1FA00865FFB /* Info.plist */; };
		099905891CFAE1FA00865FFB /* LTCharacterLimbo.swift in Sources */ = {isa = PBXBuildFile; fileRef = 0999051F1CFAE1FA00865FFB /* LTCharacterLimbo.swift */; };
		0999058A1CFAE1FA00865FFB /* LTEasing.swift in Sources */ = {isa = PBXBuildFile; fileRef = 099905201CFAE1FA00865FFB /* LTEasing.swift */; };
		0999058B1CFAE1FA00865FFB /* LTEmitterView.swift in Sources */ = {isa = PBXBuildFile; fileRef = 099905211CFAE1FA00865FFB /* LTEmitterView.swift */; };
		0999058C1CFAE1FA00865FFB /* LTMorphingEffect.swift in Sources */ = {isa = PBXBuildFile; fileRef = 099905221CFAE1FA00865FFB /* LTMorphingEffect.swift */; };
		0999058D1CFAE1FA00865FFB /* LTMorphingLabel+Anvil.swift in Sources */ = {isa = PBXBuildFile; fileRef = 099905231CFAE1FA00865FFB /* LTMorphingLabel+Anvil.swift */; };
		0999058E1CFAE1FA00865FFB /* LTMorphingLabel+Burn.swift in Sources */ = {isa = PBXBuildFile; fileRef = 099905241CFAE1FA00865FFB /* LTMorphingLabel+Burn.swift */; };
		0999058F1CFAE1FA00865FFB /* LTMorphingLabel+Evaporate.swift in Sources */ = {isa = PBXBuildFile; fileRef = 099905251CFAE1FA00865FFB /* LTMorphingLabel+Evaporate.swift */; };
		099905901CFAE1FA00865FFB /* LTMorphingLabel+Fall.swift in Sources */ = {isa = PBXBuildFile; fileRef = 099905261CFAE1FA00865FFB /* LTMorphingLabel+Fall.swift */; };
		099905911CFAE1FA00865FFB /* LTMorphingLabel+Pixelate.swift in Sources */ = {isa = PBXBuildFile; fileRef = 099905271CFAE1FA00865FFB /* LTMorphingLabel+Pixelate.swift */; };
		099905921CFAE1FA00865FFB /* LTMorphingLabel+Sparkle.swift in Sources */ = {isa = PBXBuildFile; fileRef = 099905281CFAE1FA00865FFB /* LTMorphingLabel+Sparkle.swift */; };
		099905931CFAE1FA00865FFB /* LTMorphingLabel.swift in Sources */ = {isa = PBXBuildFile; fileRef = 0999052A1CFAE1FA00865FFB /* LTMorphingLabel.swift */; };
		099905941CFAE1FA00865FFB /* NSString+LTMorphingLabel.swift in Sources */ = {isa = PBXBuildFile; fileRef = 0999052B1CFAE1FA00865FFB /* NSString+LTMorphingLabel.swift */; };
		099905951CFAE1FA00865FFB /* Fire.png in Resources */ = {isa = PBXBuildFile; fileRef = 0999052D1CFAE1FA00865FFB /* Fire.png */; };
		099905961CFAE1FA00865FFB /* Fragment.png in Resources */ = {isa = PBXBuildFile; fileRef = 0999052E1CFAE1FA00865FFB /* Fragment.png */; };
		099905971CFAE1FA00865FFB /* Smoke.png in Resources */ = {isa = PBXBuildFile; fileRef = 0999052F1CFAE1FA00865FFB /* Smoke.png */; };
		099905981CFAE1FA00865FFB /* Sparkle.png in Resources */ = {isa = PBXBuildFile; fileRef = 099905301CFAE1FA00865FFB /* Sparkle.png */; };
		099905991CFAE1FA00865FFB /* Constraint.swift in Sources */ = {isa = PBXBuildFile; fileRef = 099905321CFAE1FA00865FFB /* Constraint.swift */; };
		0999059A1CFAE1FA00865FFB /* ConstraintAttributes.swift in Sources */ = {isa = PBXBuildFile; fileRef = 099905331CFAE1FA00865FFB /* ConstraintAttributes.swift */; };
		0999059B1CFAE1FA00865FFB /* ConstraintDescription.swift in Sources */ = {isa = PBXBuildFile; fileRef = 099905341CFAE1FA00865FFB /* ConstraintDescription.swift */; };
		0999059C1CFAE1FA00865FFB /* ConstraintItem.swift in Sources */ = {isa = PBXBuildFile; fileRef = 099905351CFAE1FA00865FFB /* ConstraintItem.swift */; };
		0999059D1CFAE1FA00865FFB /* ConstraintMaker.swift in Sources */ = {isa = PBXBuildFile; fileRef = 099905361CFAE1FA00865FFB /* ConstraintMaker.swift */; };
		0999059E1CFAE1FA00865FFB /* ConstraintRelation.swift in Sources */ = {isa = PBXBuildFile; fileRef = 099905371CFAE1FA00865FFB /* ConstraintRelation.swift */; };
		0999059F1CFAE1FA00865FFB /* Debugging.swift in Sources */ = {isa = PBXBuildFile; fileRef = 099905381CFAE1FA00865FFB /* Debugging.swift */; };
		099905A01CFAE1FA00865FFB /* EdgeInsets.swift in Sources */ = {isa = PBXBuildFile; fileRef = 099905391CFAE1FA00865FFB /* EdgeInsets.swift */; };
		099905A11CFAE1FA00865FFB /* Info.plist in Resources */ = {isa = PBXBuildFile; fileRef = 0999053A1CFAE1FA00865FFB /* Info.plist */; };
		099905A21CFAE1FA00865FFB /* LayoutConstraint.swift in Sources */ = {isa = PBXBuildFile; fileRef = 0999053B1CFAE1FA00865FFB /* LayoutConstraint.swift */; };
		099905A31CFAE1FA00865FFB /* SnapKit.swift in Sources */ = {isa = PBXBuildFile; fileRef = 0999053D1CFAE1FA00865FFB /* SnapKit.swift */; };
		099905A41CFAE1FA00865FFB /* View+SnapKit.swift in Sources */ = {isa = PBXBuildFile; fileRef = 0999053E1CFAE1FA00865FFB /* View+SnapKit.swift */; };
		099905A51CFAE1FA00865FFB /* ViewController+SnapKit.swift in Sources */ = {isa = PBXBuildFile; fileRef = 0999053F1CFAE1FA00865FFB /* ViewController+SnapKit.swift */; };
		099905A61CFAE1FA00865FFB /* UIImage+ImageEffects.m in Sources */ = {isa = PBXBuildFile; fileRef = 099905421CFAE1FA00865FFB /* UIImage+ImageEffects.m */; };
		099905A71CFAE1FA00865FFB /* BaseTableViewController.swift in Sources */ = {isa = PBXBuildFile; fileRef = 099905451CFAE1FA00865FFB /* BaseTableViewController.swift */; };
		099905A81CFAE1FA00865FFB /* CCNavgationController.swift in Sources */ = {isa = PBXBuildFile; fileRef = 099905461CFAE1FA00865FFB /* CCNavgationController.swift */; };
		099905A91CFAE1FA00865FFB /* MainController.swift in Sources */ = {isa = PBXBuildFile; fileRef = 099905471CFAE1FA00865FFB /* MainController.swift */; };
		099905AA1CFAE1FA00865FFB /* CCTabBar.swift in Sources */ = {isa = PBXBuildFile; fileRef = 0999054A1CFAE1FA00865FFB /* CCTabBar.swift */; };
		099905AB1CFAE1FA00865FFB /* VisitorLoginView.swift in Sources */ = {isa = PBXBuildFile; fileRef = 0999054B1CFAE1FA00865FFB /* VisitorLoginView.swift */; };
		099905AC1CFAE1FA00865FFB /* MessageController.swift in Sources */ = {isa = PBXBuildFile; fileRef = 0999054F1CFAE1FA00865FFB /* MessageController.swift */; };
		099905AD1CFAE1FA00865FFB /* OAuthViewContoller.swift in Sources */ = {isa = PBXBuildFile; fileRef = 099905551CFAE1FA00865FFB /* OAuthViewContoller.swift */; };
		099905AE1CFAE1FA00865FFB /* UserAccount.swift in Sources */ = {isa = PBXBuildFile; fileRef = 099905571CFAE1FA00865FFB /* UserAccount.swift */; };
		099905AF1CFAE1FA00865FFB /* UserAccountViewModel.swift in Sources */ = {isa = PBXBuildFile; fileRef = 0999055A1CFAE1FA00865FFB /* UserAccountViewModel.swift */; };
		099905B01CFAE1FA00865FFB /* ProfileController.swift in Sources */ = {isa = PBXBuildFile; fileRef = 0999055D1CFAE1FA00865FFB /* ProfileController.swift */; };
		099905B11CFAE1FA00865FFB /* ProfileFooter.swift in Sources */ = {isa = PBXBuildFile; fileRef = 099905601CFAE1FA00865FFB /* ProfileFooter.swift */; };
		099905B21CFAE1FA00865FFB /* CCNetWorkTool.swift in Sources */ = {isa = PBXBuildFile; fileRef = 099905631CFAE1FA00865FFB /* CCNetWorkTool.swift */; };
		099905B31CFAE1FA00865FFB /* Common.swift in Sources */ = {isa = PBXBuildFile; fileRef = 099905641CFAE1FA00865FFB /* Common.swift */; };
		099905B41CFAE1FA00865FFB /* UIBarButtonItem+Extension.swift in Sources */ = {isa = PBXBuildFile; fileRef = 099905661CFAE1FA00865FFB /* UIBarButtonItem+Extension.swift */; };
		099905B51CFAE1FA00865FFB /* UIImage+Extension.swift in Sources */ = {isa = PBXBuildFile; fileRef = 099905671CFAE1FA00865FFB /* UIImage+Extension.swift */; };
		099905B61CFAE1FA00865FFB /* UILabel+Extension.swift in Sources */ = {isa = PBXBuildFile; fileRef = 099905681CFAE1FA00865FFB /* UILabel+Extension.swift */; };
		099905B71CFAE1FA00865FFB /* UIView+Inspectable.swift in Sources */ = {isa = PBXBuildFile; fileRef = 099905691CFAE1FA00865FFB /* UIView+Inspectable.swift */; };
		099905B81CFAE1FA00865FFB /* WelcomeController.swift in Sources */ = {isa = PBXBuildFile; fileRef = 0999056C1CFAE1FA00865FFB /* WelcomeController.swift */; };
		099905B91CFAE1FA00865FFB /* Compose.plist in Resources */ = {isa = PBXBuildFile; fileRef = 099905701CFAE1FA00865FFB /* Compose.plist */; };
		F0D3F04A36D4D4983FFB19E4 /* Pods_Swift_SinaWeibo.framework in Frameworks */ = {isa = PBXBuildFile; fileRef = CC76075241A94CCE08456799 /* Pods_Swift_SinaWeibo.framework */; };
/* End PBXBuildFile section */

/* Begin PBXFileReference section */
		090164F91CFB005700B8D5C4 /* ComposeInfo.swift */ = {isa = PBXFileReference; fileEncoding = 4; lastKnownFileType = sourcecode.swift; path = ComposeInfo.swift; sourceTree = "<group>"; };
		096AC2731CFAE41A00026345 /* Assets.xcassets */ = {isa = PBXFileReference; lastKnownFileType = folder.assetcatalog; path = Assets.xcassets; sourceTree = "<group>"; };
		099904E01CFAE18800865FFB /* Swift_SinaWeibo.app */ = {isa = PBXFileReference; explicitFileType = wrapper.application; includeInIndex = 0; path = Swift_SinaWeibo.app; sourceTree = BUILT_PRODUCTS_DIR; };
		099904EF1CFAE18900865FFB /* Info.plist */ = {isa = PBXFileReference; lastKnownFileType = text.plist.xml; path = Info.plist; sourceTree = "<group>"; };
		099904F51CFAE1F900865FFB /* Swift_SinaWeibo-Bridging-Header.h */ = {isa = PBXFileReference; lastKnownFileType = sourcecode.c.h; path = "Swift_SinaWeibo-Bridging-Header.h"; sourceTree = "<group>"; };
		099904F61CFAE1FA00865FFB /* AppDelegate.swift */ = {isa = PBXFileReference; fileEncoding = 4; lastKnownFileType = sourcecode.swift; path = AppDelegate.swift; sourceTree = "<group>"; };
		099904FC1CFAE1FA00865FFB /* CompostController.swift */ = {isa = PBXFileReference; fileEncoding = 4; lastKnownFileType = sourcecode.swift; path = CompostController.swift; sourceTree = "<group>"; };
		099905001CFAE1FA00865FFB /* CompostButton.swift */ = {isa = PBXFileReference; fileEncoding = 4; lastKnownFileType = sourcecode.swift; path = CompostButton.swift; sourceTree = "<group>"; };
		099905011CFAE1FA00865FFB /* ComposeView.swift */ = {isa = PBXFileReference; fileEncoding = 4; lastKnownFileType = sourcecode.swift; path = ComposeView.swift; sourceTree = "<group>"; };
		099905041CFAE1FA00865FFB /* DiscoverController.swift */ = {isa = PBXFileReference; fileEncoding = 4; lastKnownFileType = sourcecode.swift; path = DiscoverController.swift; sourceTree = "<group>"; };
		099905071CFAE1FA00865FFB /* CCSearchBar.swift */ = {isa = PBXFileReference; fileEncoding = 4; lastKnownFileType = sourcecode.swift; path = CCSearchBar.swift; sourceTree = "<group>"; };
		099905081CFAE1FA00865FFB /* CCSearchBar.xib */ = {isa = PBXFileReference; fileEncoding = 4; lastKnownFileType = file.xib; path = CCSearchBar.xib; sourceTree = "<group>"; };
		0999050C1CFAE1FA00865FFB /* DetailViewController.swift */ = {isa = PBXFileReference; fileEncoding = 4; lastKnownFileType = sourcecode.swift; path = DetailViewController.swift; sourceTree = "<group>"; };
		0999050D1CFAE1FA00865FFB /* HomeController.swift */ = {isa = PBXFileReference; fileEncoding = 4; lastKnownFileType = sourcecode.swift; path = HomeController.swift; sourceTree = "<group>"; };
		0999050F1CFAE1FA00865FFB /* Status.swift */ = {isa = PBXFileReference; fileEncoding = 4; lastKnownFileType = sourcecode.swift; path = Status.swift; sourceTree = "<group>"; };
		099905101CFAE1FA00865FFB /* User.swift */ = {isa = PBXFileReference; fileEncoding = 4; lastKnownFileType = sourcecode.swift; path = User.swift; sourceTree = "<group>"; };
		099905121CFAE1FA00865FFB /* CCRefreshControl.swift */ = {isa = PBXFileReference; fileEncoding = 4; lastKnownFileType = sourcecode.swift; path = CCRefreshControl.swift; sourceTree = "<group>"; };
		099905131CFAE1FA00865FFB /* RepostContentView.swift */ = {isa = PBXFileReference; fileEncoding = 4; lastKnownFileType = sourcecode.swift; path = RepostContentView.swift; sourceTree = "<group>"; };
		099905141CFAE1FA00865FFB /* StatusBottom.swift */ = {isa = PBXFileReference; fileEncoding = 4; lastKnownFileType = sourcecode.swift; path = StatusBottom.swift; sourceTree = "<group>"; };
		099905151CFAE1FA00865FFB /* StatusCell.swift */ = {isa = PBXFileReference; fileEncoding = 4; lastKnownFileType = sourcecode.swift; path = StatusCell.swift; sourceTree = "<group>"; };
		099905161CFAE1FA00865FFB /* StatusOriginalView.swift */ = {isa = PBXFileReference; fileEncoding = 4; lastKnownFileType = sourcecode.swift; path = StatusOriginalView.swift; sourceTree = "<group>"; };
		099905171CFAE1FA00865FFB /* StatusPhotoCell.swift */ = {isa = PBXFileReference; fileEncoding = 4; lastKnownFileType = sourcecode.swift; path = StatusPhotoCell.swift; sourceTree = "<group>"; };
		099905181CFAE1FA00865FFB /* StatusPhotoView.swift */ = {isa = PBXFileReference; fileEncoding = 4; lastKnownFileType = sourcecode.swift; path = StatusPhotoView.swift; sourceTree = "<group>"; };
		0999051A1CFAE1FA00865FFB /* StatusListViewModel.swift */ = {isa = PBXFileReference; fileEncoding = 4; lastKnownFileType = sourcecode.swift; path = StatusListViewModel.swift; sourceTree = "<group>"; };
		0999051B1CFAE1FA00865FFB /* StatusViewModel.swift */ = {isa = PBXFileReference; fileEncoding = 4; lastKnownFileType = sourcecode.swift; path = StatusViewModel.swift; sourceTree = "<group>"; };
		0999051E1CFAE1FA00865FFB /* Info.plist */ = {isa = PBXFileReference; fileEncoding = 4; lastKnownFileType = text.plist.xml; path = Info.plist; sourceTree = "<group>"; };
		0999051F1CFAE1FA00865FFB /* LTCharacterLimbo.swift */ = {isa = PBXFileReference; fileEncoding = 4; lastKnownFileType = sourcecode.swift; path = LTCharacterLimbo.swift; sourceTree = "<group>"; };
		099905201CFAE1FA00865FFB /* LTEasing.swift */ = {isa = PBXFileReference; fileEncoding = 4; lastKnownFileType = sourcecode.swift; path = LTEasing.swift; sourceTree = "<group>"; };
		099905211CFAE1FA00865FFB /* LTEmitterView.swift */ = {isa = PBXFileReference; fileEncoding = 4; lastKnownFileType = sourcecode.swift; path = LTEmitterView.swift; sourceTree = "<group>"; };
		099905221CFAE1FA00865FFB /* LTMorphingEffect.swift */ = {isa = PBXFileReference; fileEncoding = 4; lastKnownFileType = sourcecode.swift; path = LTMorphingEffect.swift; sourceTree = "<group>"; };
		099905231CFAE1FA00865FFB /* LTMorphingLabel+Anvil.swift */ = {isa = PBXFileReference; fileEncoding = 4; lastKnownFileType = sourcecode.swift; path = "LTMorphingLabel+Anvil.swift"; sourceTree = "<group>"; };
		099905241CFAE1FA00865FFB /* LTMorphingLabel+Burn.swift */ = {isa = PBXFileReference; fileEncoding = 4; lastKnownFileType = sourcecode.swift; path = "LTMorphingLabel+Burn.swift"; sourceTree = "<group>"; };
		099905251CFAE1FA00865FFB /* LTMorphingLabel+Evaporate.swift */ = {isa = PBXFileReference; fileEncoding = 4; lastKnownFileType = sourcecode.swift; path = "LTMorphingLabel+Evaporate.swift"; sourceTree = "<group>"; };
		099905261CFAE1FA00865FFB /* LTMorphingLabel+Fall.swift */ = {isa = PBXFileReference; fileEncoding = 4; lastKnownFileType = sourcecode.swift; path = "LTMorphingLabel+Fall.swift"; sourceTree = "<group>"; };
		099905271CFAE1FA00865FFB /* LTMorphingLabel+Pixelate.swift */ = {isa = PBXFileReference; fileEncoding = 4; lastKnownFileType = sourcecode.swift; path = "LTMorphingLabel+Pixelate.swift"; sourceTree = "<group>"; };
		099905281CFAE1FA00865FFB /* LTMorphingLabel+Sparkle.swift */ = {isa = PBXFileReference; fileEncoding = 4; lastKnownFileType = sourcecode.swift; path = "LTMorphingLabel+Sparkle.swift"; sourceTree = "<group>"; };
		099905291CFAE1FA00865FFB /* LTMorphingLabel.h */ = {isa = PBXFileReference; fileEncoding = 4; lastKnownFileType = sourcecode.c.h; path = LTMorphingLabel.h; sourceTree = "<group>"; };
		0999052A1CFAE1FA00865FFB /* LTMorphingLabel.swift */ = {isa = PBXFileReference; fileEncoding = 4; lastKnownFileType = sourcecode.swift; path = LTMorphingLabel.swift; sourceTree = "<group>"; };
		0999052B1CFAE1FA00865FFB /* NSString+LTMorphingLabel.swift */ = {isa = PBXFileReference; fileEncoding = 4; lastKnownFileType = sourcecode.swift; path = "NSString+LTMorphingLabel.swift"; sourceTree = "<group>"; };
		0999052D1CFAE1FA00865FFB /* Fire.png */ = {isa = PBXFileReference; lastKnownFileType = image.png; path = Fire.png; sourceTree = "<group>"; };
		0999052E1CFAE1FA00865FFB /* Fragment.png */ = {isa = PBXFileReference; lastKnownFileType = image.png; path = Fragment.png; sourceTree = "<group>"; };
		0999052F1CFAE1FA00865FFB /* Smoke.png */ = {isa = PBXFileReference; lastKnownFileType = image.png; path = Smoke.png; sourceTree = "<group>"; };
		099905301CFAE1FA00865FFB /* Sparkle.png */ = {isa = PBXFileReference; lastKnownFileType = image.png; path = Sparkle.png; sourceTree = "<group>"; };
		099905321CFAE1FA00865FFB /* Constraint.swift */ = {isa = PBXFileReference; fileEncoding = 4; lastKnownFileType = sourcecode.swift; path = Constraint.swift; sourceTree = "<group>"; };
		099905331CFAE1FA00865FFB /* ConstraintAttributes.swift */ = {isa = PBXFileReference; fileEncoding = 4; lastKnownFileType = sourcecode.swift; path = ConstraintAttributes.swift; sourceTree = "<group>"; };
		099905341CFAE1FA00865FFB /* ConstraintDescription.swift */ = {isa = PBXFileReference; fileEncoding = 4; lastKnownFileType = sourcecode.swift; path = ConstraintDescription.swift; sourceTree = "<group>"; };
		099905351CFAE1FA00865FFB /* ConstraintItem.swift */ = {isa = PBXFileReference; fileEncoding = 4; lastKnownFileType = sourcecode.swift; path = ConstraintItem.swift; sourceTree = "<group>"; };
		099905361CFAE1FA00865FFB /* ConstraintMaker.swift */ = {isa = PBXFileReference; fileEncoding = 4; lastKnownFileType = sourcecode.swift; path = ConstraintMaker.swift; sourceTree = "<group>"; };
		099905371CFAE1FA00865FFB /* ConstraintRelation.swift */ = {isa = PBXFileReference; fileEncoding = 4; lastKnownFileType = sourcecode.swift; path = ConstraintRelation.swift; sourceTree = "<group>"; };
		099905381CFAE1FA00865FFB /* Debugging.swift */ = {isa = PBXFileReference; fileEncoding = 4; lastKnownFileType = sourcecode.swift; path = Debugging.swift; sourceTree = "<group>"; };
		099905391CFAE1FA00865FFB /* EdgeInsets.swift */ = {isa = PBXFileReference; fileEncoding = 4; lastKnownFileType = sourcecode.swift; path = EdgeInsets.swift; sourceTree = "<group>"; };
		0999053A1CFAE1FA00865FFB /* Info.plist */ = {isa = PBXFileReference; fileEncoding = 4; lastKnownFileType = text.plist.xml; path = Info.plist; sourceTree = "<group>"; };
		0999053B1CFAE1FA00865FFB /* LayoutConstraint.swift */ = {isa = PBXFileReference; fileEncoding = 4; lastKnownFileType = sourcecode.swift; path = LayoutConstraint.swift; sourceTree = "<group>"; };
		0999053C1CFAE1FA00865FFB /* SnapKit.h */ = {isa = PBXFileReference; fileEncoding = 4; lastKnownFileType = sourcecode.c.h; path = SnapKit.h; sourceTree = "<group>"; };
		0999053D1CFAE1FA00865FFB /* SnapKit.swift */ = {isa = PBXFileReference; fileEncoding = 4; lastKnownFileType = sourcecode.swift; path = SnapKit.swift; sourceTree = "<group>"; };
		0999053E1CFAE1FA00865FFB /* View+SnapKit.swift */ = {isa = PBXFileReference; fileEncoding = 4; lastKnownFileType = sourcecode.swift; path = "View+SnapKit.swift"; sourceTree = "<group>"; };
		0999053F1CFAE1FA00865FFB /* ViewController+SnapKit.swift */ = {isa = PBXFileReference; fileEncoding = 4; lastKnownFileType = sourcecode.swift; path = "ViewController+SnapKit.swift"; sourceTree = "<group>"; };
		099905411CFAE1FA00865FFB /* UIImage+ImageEffects.h */ = {isa = PBXFileReference; fileEncoding = 4; lastKnownFileType = sourcecode.c.h; path = "UIImage+ImageEffects.h"; sourceTree = "<group>"; };
		099905421CFAE1FA00865FFB /* UIImage+ImageEffects.m */ = {isa = PBXFileReference; fileEncoding = 4; lastKnownFileType = sourcecode.c.objc; path = "UIImage+ImageEffects.m"; sourceTree = "<group>"; };
		099905451CFAE1FA00865FFB /* BaseTableViewController.swift */ = {isa = PBXFileReference; fileEncoding = 4; lastKnownFileType = sourcecode.swift; path = BaseTableViewController.swift; sourceTree = "<group>"; };
		099905461CFAE1FA00865FFB /* CCNavgationController.swift */ = {isa = PBXFileReference; fileEncoding = 4; lastKnownFileType = sourcecode.swift; path = CCNavgationController.swift; sourceTree = "<group>"; };
		099905471CFAE1FA00865FFB /* MainController.swift */ = {isa = PBXFileReference; fileEncoding = 4; lastKnownFileType = sourcecode.swift; path = MainController.swift; sourceTree = "<group>"; };
		0999054A1CFAE1FA00865FFB /* CCTabBar.swift */ = {isa = PBXFileReference; fileEncoding = 4; lastKnownFileType = sourcecode.swift; path = CCTabBar.swift; sourceTree = "<group>"; };
		0999054B1CFAE1FA00865FFB /* VisitorLoginView.swift */ = {isa = PBXFileReference; fileEncoding = 4; lastKnownFileType = sourcecode.swift; path = VisitorLoginView.swift; sourceTree = "<group>"; };
		0999054F1CFAE1FA00865FFB /* MessageController.swift */ = {isa = PBXFileReference; fileEncoding = 4; lastKnownFileType = sourcecode.swift; path = MessageController.swift; sourceTree = "<group>"; };
		099905551CFAE1FA00865FFB /* OAuthViewContoller.swift */ = {isa = PBXFileReference; fileEncoding = 4; lastKnownFileType = sourcecode.swift; path = OAuthViewContoller.swift; sourceTree = "<group>"; };
		099905571CFAE1FA00865FFB /* UserAccount.swift */ = {isa = PBXFileReference; fileEncoding = 4; lastKnownFileType = sourcecode.swift; path = UserAccount.swift; sourceTree = "<group>"; };
		0999055A1CFAE1FA00865FFB /* UserAccountViewModel.swift */ = {isa = PBXFileReference; fileEncoding = 4; lastKnownFileType = sourcecode.swift; path = UserAccountViewModel.swift; sourceTree = "<group>"; };
		0999055D1CFAE1FA00865FFB /* ProfileController.swift */ = {isa = PBXFileReference; fileEncoding = 4; lastKnownFileType = sourcecode.swift; path = ProfileController.swift; sourceTree = "<group>"; };
		099905601CFAE1FA00865FFB /* ProfileFooter.swift */ = {isa = PBXFileReference; fileEncoding = 4; lastKnownFileType = sourcecode.swift; path = ProfileFooter.swift; sourceTree = "<group>"; };
		099905631CFAE1FA00865FFB /* CCNetWorkTool.swift */ = {isa = PBXFileReference; fileEncoding = 4; lastKnownFileType = sourcecode.swift; path = CCNetWorkTool.swift; sourceTree = "<group>"; };
		099905641CFAE1FA00865FFB /* Common.swift */ = {isa = PBXFileReference; fileEncoding = 4; lastKnownFileType = sourcecode.swift; path = Common.swift; sourceTree = "<group>"; };
		099905661CFAE1FA00865FFB /* UIBarButtonItem+Extension.swift */ = {isa = PBXFileReference; fileEncoding = 4; lastKnownFileType = sourcecode.swift; path = "UIBarButtonItem+Extension.swift"; sourceTree = "<group>"; };
		099905671CFAE1FA00865FFB /* UIImage+Extension.swift */ = {isa = PBXFileReference; fileEncoding = 4; lastKnownFileType = sourcecode.swift; path = "UIImage+Extension.swift"; sourceTree = "<group>"; };
		099905681CFAE1FA00865FFB /* UILabel+Extension.swift */ = {isa = PBXFileReference; fileEncoding = 4; lastKnownFileType = sourcecode.swift; path = "UILabel+Extension.swift"; sourceTree = "<group>"; };
		099905691CFAE1FA00865FFB /* UIView+Inspectable.swift */ = {isa = PBXFileReference; fileEncoding = 4; lastKnownFileType = sourcecode.swift; path = "UIView+Inspectable.swift"; sourceTree = "<group>"; };
		0999056C1CFAE1FA00865FFB /* WelcomeController.swift */ = {isa = PBXFileReference; fileEncoding = 4; lastKnownFileType = sourcecode.swift; path = WelcomeController.swift; sourceTree = "<group>"; };
		099905701CFAE1FA00865FFB /* Compose.plist */ = {isa = PBXFileReference; fileEncoding = 4; lastKnownFileType = text.plist.xml; path = Compose.plist; sourceTree = "<group>"; };
		5A4A1DB5AED41C2FE8C59F34 /* Pods-Swift_SinaWeibo.debug.xcconfig */ = {isa = PBXFileReference; includeInIndex = 1; lastKnownFileType = text.xcconfig; name = "Pods-Swift_SinaWeibo.debug.xcconfig"; path = "Pods/Target Support Files/Pods-Swift_SinaWeibo/Pods-Swift_SinaWeibo.debug.xcconfig"; sourceTree = "<group>"; };
		CC76075241A94CCE08456799 /* Pods_Swift_SinaWeibo.framework */ = {isa = PBXFileReference; explicitFileType = wrapper.framework; includeInIndex = 0; path = Pods_Swift_SinaWeibo.framework; sourceTree = BUILT_PRODUCTS_DIR; };
		F9A76289B85B35598A06AC1D /* Pods-Swift_SinaWeibo.release.xcconfig */ = {isa = PBXFileReference; includeInIndex = 1; lastKnownFileType = text.xcconfig; name = "Pods-Swift_SinaWeibo.release.xcconfig"; path = "Pods/Target Support Files/Pods-Swift_SinaWeibo/Pods-Swift_SinaWeibo.release.xcconfig"; sourceTree = "<group>"; };
/* End PBXFileReference section */

/* Begin PBXFrameworksBuildPhase section */
		099904DD1CFAE18800865FFB /* Frameworks */ = {
			isa = PBXFrameworksBuildPhase;
			buildActionMask = 2147483647;
			files = (
				F0D3F04A36D4D4983FFB19E4 /* Pods_Swift_SinaWeibo.framework in Frameworks */,
			);
			runOnlyForDeploymentPostprocessing = 0;
		};
/* End PBXFrameworksBuildPhase section */

/* Begin PBXGroup section */
		099904D71CFAE18800865FFB = {
			isa = PBXGroup;
			children = (
				099904E21CFAE18800865FFB /* Swift_SinaWeibo */,
				099904E11CFAE18800865FFB /* Products */,
				3E83F1318C2D1EBEB29BEC3A /* Pods */,
				7359F692F8B06EDE4F4AB2FA /* Frameworks */,
			);
			sourceTree = "<group>";
		};
		099904E11CFAE18800865FFB /* Products */ = {
			isa = PBXGroup;
			children = (
				099904E01CFAE18800865FFB /* Swift_SinaWeibo.app */,
			);
			name = Products;
			sourceTree = "<group>";
		};
		099904E21CFAE18800865FFB /* Swift_SinaWeibo */ = {
			isa = PBXGroup;
			children = (
				099904F91CFAE1FA00865FFB /* Classes */,
				099904F61CFAE1FA00865FFB /* AppDelegate.swift */,
				096AC2731CFAE41A00026345 /* Assets.xcassets */,
				099905701CFAE1FA00865FFB /* Compose.plist */,
				099904EF1CFAE18900865FFB /* Info.plist */,
				099904F51CFAE1F900865FFB /* Swift_SinaWeibo-Bridging-Header.h */,
			);
			path = Swift_SinaWeibo;
			sourceTree = "<group>";
		};
		099904F91CFAE1FA00865FFB /* Classes */ = {
			isa = PBXGroup;
			children = (
				0999056A1CFAE1FA00865FFB /* Welcome */,
				099904FA1CFAE1FA00865FFB /* Compost */,
				099905021CFAE1FA00865FFB /* Discover */,
				0999050A1CFAE1FA00865FFB /* Home */,
				099905431CFAE1FA00865FFB /* Main */,
				0999054D1CFAE1FA00865FFB /* Message */,
				099905531CFAE1FA00865FFB /* OAuth */,
				0999055B1CFAE1FA00865FFB /* Profile */,
				099905621CFAE1FA00865FFB /* Tool */,
				0999051C1CFAE1FA00865FFB /* Lib */,
			);
			path = Classes;
			sourceTree = "<group>";
		};
		099904FA1CFAE1FA00865FFB /* Compost */ = {
			isa = PBXGroup;
			children = (
				099904FB1CFAE1FA00865FFB /* Controller */,
				099904FE1CFAE1FA00865FFB /* Model */,
				099904FF1CFAE1FA00865FFB /* View */,
			);
			path = Compost;
			sourceTree = "<group>";
		};
		099904FB1CFAE1FA00865FFB /* Controller */ = {
			isa = PBXGroup;
			children = (
				099904FC1CFAE1FA00865FFB /* CompostController.swift */,
			);
			path = Controller;
			sourceTree = "<group>";
		};
		099904FE1CFAE1FA00865FFB /* Model */ = {
			isa = PBXGroup;
			children = (
				090164F91CFB005700B8D5C4 /* ComposeInfo.swift */,
			);
			path = Model;
			sourceTree = "<group>";
		};
		099904FF1CFAE1FA00865FFB /* View */ = {
			isa = PBXGroup;
			children = (
				099905001CFAE1FA00865FFB /* CompostButton.swift */,
				099905011CFAE1FA00865FFB /* ComposeView.swift */,
			);
			path = View;
			sourceTree = "<group>";
		};
		099905021CFAE1FA00865FFB /* Discover */ = {
			isa = PBXGroup;
			children = (
				099905031CFAE1FA00865FFB /* Controller */,
				099905051CFAE1FA00865FFB /* Model */,
				099905061CFAE1FA00865FFB /* View */,
				099905091CFAE1FA00865FFB /* ViewModel */,
			);
			path = Discover;
			sourceTree = "<group>";
		};
		099905031CFAE1FA00865FFB /* Controller */ = {
			isa = PBXGroup;
			children = (
				099905041CFAE1FA00865FFB /* DiscoverController.swift */,
			);
			path = Controller;
			sourceTree = "<group>";
		};
		099905051CFAE1FA00865FFB /* Model */ = {
			isa = PBXGroup;
			children = (
			);
			path = Model;
			sourceTree = "<group>";
		};
		099905061CFAE1FA00865FFB /* View */ = {
			isa = PBXGroup;
			children = (
				099905071CFAE1FA00865FFB /* CCSearchBar.swift */,
				099905081CFAE1FA00865FFB /* CCSearchBar.xib */,
			);
			path = View;
			sourceTree = "<group>";
		};
		099905091CFAE1FA00865FFB /* ViewModel */ = {
			isa = PBXGroup;
			children = (
			);
			path = ViewModel;
			sourceTree = "<group>";
		};
		0999050A1CFAE1FA00865FFB /* Home */ = {
			isa = PBXGroup;
			children = (
				0999050B1CFAE1FA00865FFB /* Controller */,
				0999050E1CFAE1FA00865FFB /* Model */,
				099905111CFAE1FA00865FFB /* View */,
				099905191CFAE1FA00865FFB /* ViewModel */,
			);
			path = Home;
			sourceTree = "<group>";
		};
		0999050B1CFAE1FA00865FFB /* Controller */ = {
			isa = PBXGroup;
			children = (
				0999050C1CFAE1FA00865FFB /* DetailViewController.swift */,
				0999050D1CFAE1FA00865FFB /* HomeController.swift */,
			);
			path = Controller;
			sourceTree = "<group>";
		};
		0999050E1CFAE1FA00865FFB /* Model */ = {
			isa = PBXGroup;
			children = (
				0999050F1CFAE1FA00865FFB /* Status.swift */,
				099905101CFAE1FA00865FFB /* User.swift */,
			);
			path = Model;
			sourceTree = "<group>";
		};
		099905111CFAE1FA00865FFB /* View */ = {
			isa = PBXGroup;
			children = (
				099905121CFAE1FA00865FFB /* CCRefreshControl.swift */,
				099905131CFAE1FA00865FFB /* RepostContentView.swift */,
				099905141CFAE1FA00865FFB /* StatusBottom.swift */,
				099905151CFAE1FA00865FFB /* StatusCell.swift */,
				099905161CFAE1FA00865FFB /* StatusOriginalView.swift */,
				099905171CFAE1FA00865FFB /* StatusPhotoCell.swift */,
				099905181CFAE1FA00865FFB /* StatusPhotoView.swift */,
			);
			path = View;
			sourceTree = "<group>";
		};
		099905191CFAE1FA00865FFB /* ViewModel */ = {
			isa = PBXGroup;
			children = (
				0999051A1CFAE1FA00865FFB /* StatusListViewModel.swift */,
				0999051B1CFAE1FA00865FFB /* StatusViewModel.swift */,
			);
			path = ViewModel;
			sourceTree = "<group>";
		};
		0999051C1CFAE1FA00865FFB /* Lib */ = {
			isa = PBXGroup;
			children = (
				0999051D1CFAE1FA00865FFB /* LTMorphingLabel */,
				099905311CFAE1FA00865FFB /* SnapKit */,
				099905401CFAE1FA00865FFB /* UIImageEffects */,
			);
			path = Lib;
			sourceTree = "<group>";
		};
		0999051D1CFAE1FA00865FFB /* LTMorphingLabel */ = {
			isa = PBXGroup;
			children = (
				0999051E1CFAE1FA00865FFB /* Info.plist */,
				0999051F1CFAE1FA00865FFB /* LTCharacterLimbo.swift */,
				099905201CFAE1FA00865FFB /* LTEasing.swift */,
				099905211CFAE1FA00865FFB /* LTEmitterView.swift */,
				099905221CFAE1FA00865FFB /* LTMorphingEffect.swift */,
				099905231CFAE1FA00865FFB /* LTMorphingLabel+Anvil.swift */,
				099905241CFAE1FA00865FFB /* LTMorphingLabel+Burn.swift */,
				099905251CFAE1FA00865FFB /* LTMorphingLabel+Evaporate.swift */,
				099905261CFAE1FA00865FFB /* LTMorphingLabel+Fall.swift */,
				099905271CFAE1FA00865FFB /* LTMorphingLabel+Pixelate.swift */,
				099905281CFAE1FA00865FFB /* LTMorphingLabel+Sparkle.swift */,
				099905291CFAE1FA00865FFB /* LTMorphingLabel.h */,
				0999052A1CFAE1FA00865FFB /* LTMorphingLabel.swift */,
				0999052B1CFAE1FA00865FFB /* NSString+LTMorphingLabel.swift */,
				0999052C1CFAE1FA00865FFB /* Particles */,
			);
			path = LTMorphingLabel;
			sourceTree = "<group>";
		};
		0999052C1CFAE1FA00865FFB /* Particles */ = {
			isa = PBXGroup;
			children = (
				0999052D1CFAE1FA00865FFB /* Fire.png */,
				0999052E1CFAE1FA00865FFB /* Fragment.png */,
				0999052F1CFAE1FA00865FFB /* Smoke.png */,
				099905301CFAE1FA00865FFB /* Sparkle.png */,
			);
			path = Particles;
			sourceTree = "<group>";
		};
		099905311CFAE1FA00865FFB /* SnapKit */ = {
			isa = PBXGroup;
			children = (
				099905321CFAE1FA00865FFB /* Constraint.swift */,
				099905331CFAE1FA00865FFB /* ConstraintAttributes.swift */,
				099905341CFAE1FA00865FFB /* ConstraintDescription.swift */,
				099905351CFAE1FA00865FFB /* ConstraintItem.swift */,
				099905361CFAE1FA00865FFB /* ConstraintMaker.swift */,
				099905371CFAE1FA00865FFB /* ConstraintRelation.swift */,
				099905381CFAE1FA00865FFB /* Debugging.swift */,
				099905391CFAE1FA00865FFB /* EdgeInsets.swift */,
				0999053A1CFAE1FA00865FFB /* Info.plist */,
				0999053B1CFAE1FA00865FFB /* LayoutConstraint.swift */,
				0999053C1CFAE1FA00865FFB /* SnapKit.h */,
				0999053D1CFAE1FA00865FFB /* SnapKit.swift */,
				0999053E1CFAE1FA00865FFB /* View+SnapKit.swift */,
				0999053F1CFAE1FA00865FFB /* ViewController+SnapKit.swift */,
			);
			path = SnapKit;
			sourceTree = "<group>";
		};
		099905401CFAE1FA00865FFB /* UIImageEffects */ = {
			isa = PBXGroup;
			children = (
				099905411CFAE1FA00865FFB /* UIImage+ImageEffects.h */,
				099905421CFAE1FA00865FFB /* UIImage+ImageEffects.m */,
			);
			path = UIImageEffects;
			sourceTree = "<group>";
		};
		099905431CFAE1FA00865FFB /* Main */ = {
			isa = PBXGroup;
			children = (
				099905441CFAE1FA00865FFB /* Controller */,
				099905481CFAE1FA00865FFB /* Model */,
				099905491CFAE1FA00865FFB /* View */,
				0999054C1CFAE1FA00865FFB /* ViewModel */,
			);
			path = Main;
			sourceTree = "<group>";
		};
		099905441CFAE1FA00865FFB /* Controller */ = {
			isa = PBXGroup;
			children = (
				099905451CFAE1FA00865FFB /* BaseTableViewController.swift */,
				099905461CFAE1FA00865FFB /* CCNavgationController.swift */,
				099905471CFAE1FA00865FFB /* MainController.swift */,
			);
			path = Controller;
			sourceTree = "<group>";
		};
		099905481CFAE1FA00865FFB /* Model */ = {
			isa = PBXGroup;
			children = (
			);
			path = Model;
			sourceTree = "<group>";
		};
		099905491CFAE1FA00865FFB /* View */ = {
			isa = PBXGroup;
			children = (
				0999054A1CFAE1FA00865FFB /* CCTabBar.swift */,
				0999054B1CFAE1FA00865FFB /* VisitorLoginView.swift */,
			);
			path = View;
			sourceTree = "<group>";
		};
		0999054C1CFAE1FA00865FFB /* ViewModel */ = {
			isa = PBXGroup;
			children = (
			);
			path = ViewModel;
			sourceTree = "<group>";
		};
		0999054D1CFAE1FA00865FFB /* Message */ = {
			isa = PBXGroup;
			children = (
				0999054E1CFAE1FA00865FFB /* Controller */,
				099905501CFAE1FA00865FFB /* Model */,
				099905511CFAE1FA00865FFB /* View */,
				099905521CFAE1FA00865FFB /* ViewModel */,
			);
			path = Message;
			sourceTree = "<group>";
		};
		0999054E1CFAE1FA00865FFB /* Controller */ = {
			isa = PBXGroup;
			children = (
				0999054F1CFAE1FA00865FFB /* MessageController.swift */,
			);
			path = Controller;
			sourceTree = "<group>";
		};
		099905501CFAE1FA00865FFB /* Model */ = {
			isa = PBXGroup;
			children = (
			);
			path = Model;
			sourceTree = "<group>";
		};
		099905511CFAE1FA00865FFB /* View */ = {
			isa = PBXGroup;
			children = (
			);
			path = View;
			sourceTree = "<group>";
		};
		099905521CFAE1FA00865FFB /* ViewModel */ = {
			isa = PBXGroup;
			children = (
			);
			path = ViewModel;
			sourceTree = "<group>";
		};
		099905531CFAE1FA00865FFB /* OAuth */ = {
			isa = PBXGroup;
			children = (
				099905541CFAE1FA00865FFB /* Controller */,
				099905561CFAE1FA00865FFB /* Model */,
				099905581CFAE1FA00865FFB /* View */,
				099905591CFAE1FA00865FFB /* ViewModel */,
			);
			path = OAuth;
			sourceTree = "<group>";
		};
		099905541CFAE1FA00865FFB /* Controller */ = {
			isa = PBXGroup;
			children = (
				099905551CFAE1FA00865FFB /* OAuthViewContoller.swift */,
			);
			path = Controller;
			sourceTree = "<group>";
		};
		099905561CFAE1FA00865FFB /* Model */ = {
			isa = PBXGroup;
			children = (
				099905571CFAE1FA00865FFB /* UserAccount.swift */,
			);
			path = Model;
			sourceTree = "<group>";
		};
		099905581CFAE1FA00865FFB /* View */ = {
			isa = PBXGroup;
			children = (
			);
			path = View;
			sourceTree = "<group>";
		};
		099905591CFAE1FA00865FFB /* ViewModel */ = {
			isa = PBXGroup;
			children = (
				0999055A1CFAE1FA00865FFB /* UserAccountViewModel.swift */,
			);
			path = ViewModel;
			sourceTree = "<group>";
		};
		0999055B1CFAE1FA00865FFB /* Profile */ = {
			isa = PBXGroup;
			children = (
				0999055C1CFAE1FA00865FFB /* Controller */,
				0999055E1CFAE1FA00865FFB /* Model */,
				0999055F1CFAE1FA00865FFB /* View */,
				099905611CFAE1FA00865FFB /* ViewModel */,
			);
			path = Profile;
			sourceTree = "<group>";
		};
		0999055C1CFAE1FA00865FFB /* Controller */ = {
			isa = PBXGroup;
			children = (
				0999055D1CFAE1FA00865FFB /* ProfileController.swift */,
			);
			path = Controller;
			sourceTree = "<group>";
		};
		0999055E1CFAE1FA00865FFB /* Model */ = {
			isa = PBXGroup;
			children = (
			);
			path = Model;
			sourceTree = "<group>";
		};
		0999055F1CFAE1FA00865FFB /* View */ = {
			isa = PBXGroup;
			children = (
				099905601CFAE1FA00865FFB /* ProfileFooter.swift */,
			);
			path = View;
			sourceTree = "<group>";
		};
		099905611CFAE1FA00865FFB /* ViewModel */ = {
			isa = PBXGroup;
			children = (
			);
			path = ViewModel;
			sourceTree = "<group>";
		};
		099905621CFAE1FA00865FFB /* Tool */ = {
			isa = PBXGroup;
			children = (
				099905631CFAE1FA00865FFB /* CCNetWorkTool.swift */,
				099905641CFAE1FA00865FFB /* Common.swift */,
				099905651CFAE1FA00865FFB /* Extension */,
			);
			path = Tool;
			sourceTree = "<group>";
		};
		099905651CFAE1FA00865FFB /* Extension */ = {
			isa = PBXGroup;
			children = (
				099905661CFAE1FA00865FFB /* UIBarButtonItem+Extension.swift */,
				099905671CFAE1FA00865FFB /* UIImage+Extension.swift */,
				099905681CFAE1FA00865FFB /* UILabel+Extension.swift */,
				099905691CFAE1FA00865FFB /* UIView+Inspectable.swift */,
			);
			path = Extension;
			sourceTree = "<group>";
		};
		0999056A1CFAE1FA00865FFB /* Welcome */ = {
			isa = PBXGroup;
			children = (
				0999056B1CFAE1FA00865FFB /* Controller */,
				0999056D1CFAE1FA00865FFB /* Model */,
				0999056E1CFAE1FA00865FFB /* View */,
				0999056F1CFAE1FA00865FFB /* ViewModel */,
			);
			path = Welcome;
			sourceTree = "<group>";
		};
		0999056B1CFAE1FA00865FFB /* Controller */ = {
			isa = PBXGroup;
			children = (
				0999056C1CFAE1FA00865FFB /* WelcomeController.swift */,
			);
			path = Controller;
			sourceTree = "<group>";
		};
		0999056D1CFAE1FA00865FFB /* Model */ = {
			isa = PBXGroup;
			children = (
			);
			path = Model;
			sourceTree = "<group>";
		};
		0999056E1CFAE1FA00865FFB /* View */ = {
			isa = PBXGroup;
			children = (
			);
			path = View;
			sourceTree = "<group>";
		};
		0999056F1CFAE1FA00865FFB /* ViewModel */ = {
			isa = PBXGroup;
			children = (
			);
			path = ViewModel;
			sourceTree = "<group>";
		};
		3E83F1318C2D1EBEB29BEC3A /* Pods */ = {
			isa = PBXGroup;
			children = (
				5A4A1DB5AED41C2FE8C59F34 /* Pods-Swift_SinaWeibo.debug.xcconfig */,
				F9A76289B85B35598A06AC1D /* Pods-Swift_SinaWeibo.release.xcconfig */,
			);
			name = Pods;
			sourceTree = "<group>";
		};
		7359F692F8B06EDE4F4AB2FA /* Frameworks */ = {
			isa = PBXGroup;
			children = (
				CC76075241A94CCE08456799 /* Pods_Swift_SinaWeibo.framework */,
			);
			name = Frameworks;
			sourceTree = "<group>";
		};
/* End PBXGroup section */

/* Begin PBXNativeTarget section */
		099904DF1CFAE18800865FFB /* Swift_SinaWeibo */ = {
			isa = PBXNativeTarget;
			buildConfigurationList = 099904F21CFAE18900865FFB /* Build configuration list for PBXNativeTarget "Swift_SinaWeibo" */;
			buildPhases = (
				1711D58F598B3F4953BEEE07 /* 📦 Check Pods Manifest.lock */,
				099904DC1CFAE18800865FFB /* Sources */,
				099904DD1CFAE18800865FFB /* Frameworks */,
				099904DE1CFAE18800865FFB /* Resources */,
				CBD6832A0D54C4288EE16BEF /* 📦 Embed Pods Frameworks */,
				BCAE4BAE931FD9FDE666CE5E /* 📦 Copy Pods Resources */,
			);
			buildRules = (
			);
			dependencies = (
			);
			name = Swift_SinaWeibo;
			productName = Swift_SinaWeibo;
			productReference = 099904E01CFAE18800865FFB /* Swift_SinaWeibo.app */;
			productType = "com.apple.product-type.application";
		};
/* End PBXNativeTarget section */

/* Begin PBXProject section */
		099904D81CFAE18800865FFB /* Project object */ = {
			isa = PBXProject;
			attributes = {
				LastSwiftUpdateCheck = 0730;
				LastUpgradeCheck = 0730;
				ORGANIZATIONNAME = bear;
				TargetAttributes = {
					099904DF1CFAE18800865FFB = {
						CreatedOnToolsVersion = 7.3.1;
					};
				};
			};
			buildConfigurationList = 099904DB1CFAE18800865FFB /* Build configuration list for PBXProject "Swift_SinaWeibo" */;
			compatibilityVersion = "Xcode 3.2";
			developmentRegion = English;
			hasScannedForEncodings = 0;
			knownRegions = (
				en,
				Base,
			);
			mainGroup = 099904D71CFAE18800865FFB;
			productRefGroup = 099904E11CFAE18800865FFB /* Products */;
			projectDirPath = "";
			projectRoot = "";
			targets = (
				099904DF1CFAE18800865FFB /* Swift_SinaWeibo */,
			);
		};
/* End PBXProject section */

/* Begin PBXResourcesBuildPhase section */
		099904DE1CFAE18800865FFB /* Resources */ = {
			isa = PBXResourcesBuildPhase;
			buildActionMask = 2147483647;
			files = (
				099905981CFAE1FA00865FFB /* Sparkle.png in Resources */,
				099905961CFAE1FA00865FFB /* Fragment.png in Resources */,
				0999057A1CFAE1FA00865FFB /* CCSearchBar.xib in Resources */,
				099905971CFAE1FA00865FFB /* Smoke.png in Resources */,
				099905951CFAE1FA00865FFB /* Fire.png in Resources */,
				099905881CFAE1FA00865FFB /* Info.plist in Resources */,
				099905A11CFAE1FA00865FFB /* Info.plist in Resources */,
				096AC2741CFAE41A00026345 /* Assets.xcassets in Resources */,
				099905B91CFAE1FA00865FFB /* Compose.plist in Resources */,
			);
			runOnlyForDeploymentPostprocessing = 0;
		};
/* End PBXResourcesBuildPhase section */

/* Begin PBXShellScriptBuildPhase section */
		1711D58F598B3F4953BEEE07 /* 📦 Check Pods Manifest.lock */ = {
			isa = PBXShellScriptBuildPhase;
			buildActionMask = 2147483647;
			files = (
			);
			inputPaths = (
			);
			name = "📦 Check Pods Manifest.lock";
			outputPaths = (
			);
			runOnlyForDeploymentPostprocessing = 0;
			shellPath = /bin/sh;
			shellScript = "diff \"${PODS_ROOT}/../Podfile.lock\" \"${PODS_ROOT}/Manifest.lock\" > /dev/null\nif [[ $? != 0 ]] ; then\n    cat << EOM\nerror: The sandbox is not in sync with the Podfile.lock. Run 'pod install' or update your CocoaPods installation.\nEOM\n    exit 1\nfi\n";
			showEnvVarsInLog = 0;
		};
		BCAE4BAE931FD9FDE666CE5E /* 📦 Copy Pods Resources */ = {
			isa = PBXShellScriptBuildPhase;
			buildActionMask = 2147483647;
			files = (
			);
			inputPaths = (
			);
			name = "📦 Copy Pods Resources";
			outputPaths = (
			);
			runOnlyForDeploymentPostprocessing = 0;
			shellPath = /bin/sh;
			shellScript = "\"${SRCROOT}/Pods/Target Support Files/Pods-Swift_SinaWeibo/Pods-Swift_SinaWeibo-resources.sh\"\n";
			showEnvVarsInLog = 0;
		};
		CBD6832A0D54C4288EE16BEF /* 📦 Embed Pods Frameworks */ = {
			isa = PBXShellScriptBuildPhase;
			buildActionMask = 2147483647;
			files = (
			);
			inputPaths = (
			);
			name = "📦 Embed Pods Frameworks";
			outputPaths = (
			);
			runOnlyForDeploymentPostprocessing = 0;
			shellPath = /bin/sh;
			shellScript = "\"${SRCROOT}/Pods/Target Support Files/Pods-Swift_SinaWeibo/Pods-Swift_SinaWeibo-frameworks.sh\"\n";
			showEnvVarsInLog = 0;
		};
/* End PBXShellScriptBuildPhase section */

/* Begin PBXSourcesBuildPhase section */
		099904DC1CFAE18800865FFB /* Sources */ = {
			isa = PBXSourcesBuildPhase;
			buildActionMask = 2147483647;
			files = (
				099905941CFAE1FA00865FFB /* NSString+LTMorphingLabel.swift in Sources */,
				0999059A1CFAE1FA00865FFB /* ConstraintAttributes.swift in Sources */,
				099905931CFAE1FA00865FFB /* LTMorphingLabel.swift in Sources */,
				099905AB1CFAE1FA00865FFB /* VisitorLoginView.swift in Sources */,
				099905AC1CFAE1FA00865FFB /* MessageController.swift in Sources */,
				099905721CFAE1FA00865FFB /* AppDelegate.swift in Sources */,
				0999059E1CFAE1FA00865FFB /* ConstraintRelation.swift in Sources */,
				0999059D1CFAE1FA00865FFB /* ConstraintMaker.swift in Sources */,
				099905861CFAE1FA00865FFB /* StatusListViewModel.swift in Sources */,
				099905AD1CFAE1FA00865FFB /* OAuthViewContoller.swift in Sources */,
				0999059F1CFAE1FA00865FFB /* Debugging.swift in Sources */,
				0999058C1CFAE1FA00865FFB /* LTMorphingEffect.swift in Sources */,
				099905B31CFAE1FA00865FFB /* Common.swift in Sources */,
				099905921CFAE1FA00865FFB /* LTMorphingLabel+Sparkle.swift in Sources */,
				0999057D1CFAE1FA00865FFB /* Status.swift in Sources */,
				099905B81CFAE1FA00865FFB /* WelcomeController.swift in Sources */,
				099905A51CFAE1FA00865FFB /* ViewController+SnapKit.swift in Sources */,
				099905B61CFAE1FA00865FFB /* UILabel+Extension.swift in Sources */,
				0999058B1CFAE1FA00865FFB /* LTEmitterView.swift in Sources */,
				099905741CFAE1FA00865FFB /* CompostController.swift in Sources */,
				0999058A1CFAE1FA00865FFB /* LTEasing.swift in Sources */,
				099905781CFAE1FA00865FFB /* DiscoverController.swift in Sources */,
				099905AF1CFAE1FA00865FFB /* UserAccountViewModel.swift in Sources */,
				099905891CFAE1FA00865FFB /* LTCharacterLimbo.swift in Sources */,
				099905A81CFAE1FA00865FFB /* CCNavgationController.swift in Sources */,
				0999058D1CFAE1FA00865FFB /* LTMorphingLabel+Anvil.swift in Sources */,
				099905AE1CFAE1FA00865FFB /* UserAccount.swift in Sources */,
				099905791CFAE1FA00865FFB /* CCSearchBar.swift in Sources */,
				099905B71CFAE1FA00865FFB /* UIView+Inspectable.swift in Sources */,
				090164FA1CFB005700B8D5C4 /* ComposeInfo.swift in Sources */,
				0999058E1CFAE1FA00865FFB /* LTMorphingLabel+Burn.swift in Sources */,
				099905B51CFAE1FA00865FFB /* UIImage+Extension.swift in Sources */,
				099905A21CFAE1FA00865FFB /* LayoutConstraint.swift in Sources */,
				099905821CFAE1FA00865FFB /* StatusCell.swift in Sources */,
				0999058F1CFAE1FA00865FFB /* LTMorphingLabel+Evaporate.swift in Sources */,
				099905771CFAE1FA00865FFB /* ComposeView.swift in Sources */,
				099905A01CFAE1FA00865FFB /* EdgeInsets.swift in Sources */,
				0999059B1CFAE1FA00865FFB /* ConstraintDescription.swift in Sources */,
				099905991CFAE1FA00865FFB /* Constraint.swift in Sources */,
				099905831CFAE1FA00865FFB /* StatusOriginalView.swift in Sources */,
				0999057C1CFAE1FA00865FFB /* HomeController.swift in Sources */,
				0999057F1CFAE1FA00865FFB /* CCRefreshControl.swift in Sources */,
				099905811CFAE1FA00865FFB /* StatusBottom.swift in Sources */,
				099905851CFAE1FA00865FFB /* StatusPhotoView.swift in Sources */,
				099905911CFAE1FA00865FFB /* LTMorphingLabel+Pixelate.swift in Sources */,
				099905801CFAE1FA00865FFB /* RepostContentView.swift in Sources */,
				099905B01CFAE1FA00865FFB /* ProfileController.swift in Sources */,
				099905A71CFAE1FA00865FFB /* BaseTableViewController.swift in Sources */,
				099905A31CFAE1FA00865FFB /* SnapKit.swift in Sources */,
				099905841CFAE1FA00865FFB /* StatusPhotoCell.swift in Sources */,
				099905901CFAE1FA00865FFB /* LTMorphingLabel+Fall.swift in Sources */,
				099905B11CFAE1FA00865FFB /* ProfileFooter.swift in Sources */,
				099905A91CFAE1FA00865FFB /* MainController.swift in Sources */,
				099905871CFAE1FA00865FFB /* StatusViewModel.swift in Sources */,
				099905B21CFAE1FA00865FFB /* CCNetWorkTool.swift in Sources */,
				099905761CFAE1FA00865FFB /* CompostButton.swift in Sources */,
				099905B41CFAE1FA00865FFB /* UIBarButtonItem+Extension.swift in Sources */,
				0999057B1CFAE1FA00865FFB /* DetailViewController.swift in Sources */,
				099905A61CFAE1FA00865FFB /* UIImage+ImageEffects.m in Sources */,
				099905A41CFAE1FA00865FFB /* View+SnapKit.swift in Sources */,
				0999057E1CFAE1FA00865FFB /* User.swift in Sources */,
				099905AA1CFAE1FA00865FFB /* CCTabBar.swift in Sources */,
				0999059C1CFAE1FA00865FFB /* ConstraintItem.swift in Sources */,
			);
			runOnlyForDeploymentPostprocessing = 0;
		};
/* End PBXSourcesBuildPhase section */

/* Begin XCBuildConfiguration section */
		099904F01CFAE18900865FFB /* Debug */ = {
			isa = XCBuildConfiguration;
			buildSettings = {
				ALWAYS_SEARCH_USER_PATHS = NO;
				CLANG_ANALYZER_NONNULL = YES;
				CLANG_CXX_LANGUAGE_STANDARD = "gnu++0x";
				CLANG_CXX_LIBRARY = "libc++";
				CLANG_ENABLE_MODULES = YES;
				CLANG_ENABLE_OBJC_ARC = YES;
				CLANG_WARN_BOOL_CONVERSION = YES;
				CLANG_WARN_CONSTANT_CONVERSION = YES;
				CLANG_WARN_DIRECT_OBJC_ISA_USAGE = YES_ERROR;
				CLANG_WARN_EMPTY_BODY = YES;
				CLANG_WARN_ENUM_CONVERSION = YES;
				CLANG_WARN_INT_CONVERSION = YES;
				CLANG_WARN_OBJC_ROOT_CLASS = YES_ERROR;
				CLANG_WARN_UNREACHABLE_CODE = YES;
				CLANG_WARN__DUPLICATE_METHOD_MATCH = YES;
				"CODE_SIGN_IDENTITY[sdk=iphoneos*]" = "iPhone Developer";
				COPY_PHASE_STRIP = NO;
				DEBUG_INFORMATION_FORMAT = dwarf;
				ENABLE_STRICT_OBJC_MSGSEND = YES;
				ENABLE_TESTABILITY = YES;
				GCC_C_LANGUAGE_STANDARD = gnu99;
				GCC_DYNAMIC_NO_PIC = NO;
				GCC_NO_COMMON_BLOCKS = YES;
				GCC_OPTIMIZATION_LEVEL = 0;
				GCC_PREPROCESSOR_DEFINITIONS = (
					"DEBUG=1",
					"$(inherited)",
				);
				GCC_WARN_64_TO_32_BIT_CONVERSION = YES;
				GCC_WARN_ABOUT_RETURN_TYPE = YES_ERROR;
				GCC_WARN_UNDECLARED_SELECTOR = YES;
				GCC_WARN_UNINITIALIZED_AUTOS = YES_AGGRESSIVE;
				GCC_WARN_UNUSED_FUNCTION = YES;
				GCC_WARN_UNUSED_VARIABLE = YES;
				IPHONEOS_DEPLOYMENT_TARGET = 9.3;
				MTL_ENABLE_DEBUG_INFO = YES;
				ONLY_ACTIVE_ARCH = YES;
				SDKROOT = iphoneos;
				SWIFT_OPTIMIZATION_LEVEL = "-Onone";
			};
			name = Debug;
		};
		099904F11CFAE18900865FFB /* Release */ = {
			isa = XCBuildConfiguration;
			buildSettings = {
				ALWAYS_SEARCH_USER_PATHS = NO;
				CLANG_ANALYZER_NONNULL = YES;
				CLANG_CXX_LANGUAGE_STANDARD = "gnu++0x";
				CLANG_CXX_LIBRARY = "libc++";
				CLANG_ENABLE_MODULES = YES;
				CLANG_ENABLE_OBJC_ARC = YES;
				CLANG_WARN_BOOL_CONVERSION = YES;
				CLANG_WARN_CONSTANT_CONVERSION = YES;
				CLANG_WARN_DIRECT_OBJC_ISA_USAGE = YES_ERROR;
				CLANG_WARN_EMPTY_BODY = YES;
				CLANG_WARN_ENUM_CONVERSION = YES;
				CLANG_WARN_INT_CONVERSION = YES;
				CLANG_WARN_OBJC_ROOT_CLASS = YES_ERROR;
				CLANG_WARN_UNREACHABLE_CODE = YES;
				CLANG_WARN__DUPLICATE_METHOD_MATCH = YES;
				"CODE_SIGN_IDENTITY[sdk=iphoneos*]" = "iPhone Developer";
				COPY_PHASE_STRIP = NO;
				DEBUG_INFORMATION_FORMAT = "dwarf-with-dsym";
				ENABLE_NS_ASSERTIONS = NO;
				ENABLE_STRICT_OBJC_MSGSEND = YES;
				GCC_C_LANGUAGE_STANDARD = gnu99;
				GCC_NO_COMMON_BLOCKS = YES;
				GCC_WARN_64_TO_32_BIT_CONVERSION = YES;
				GCC_WARN_ABOUT_RETURN_TYPE = YES_ERROR;
				GCC_WARN_UNDECLARED_SELECTOR = YES;
				GCC_WARN_UNINITIALIZED_AUTOS = YES_AGGRESSIVE;
				GCC_WARN_UNUSED_FUNCTION = YES;
				GCC_WARN_UNUSED_VARIABLE = YES;
				IPHONEOS_DEPLOYMENT_TARGET = 9.3;
				MTL_ENABLE_DEBUG_INFO = NO;
				SDKROOT = iphoneos;
				VALIDATE_PRODUCT = YES;
			};
			name = Release;
		};
		099904F31CFAE18900865FFB /* Debug */ = {
			isa = XCBuildConfiguration;
			baseConfigurationReference = 5A4A1DB5AED41C2FE8C59F34 /* Pods-Swift_SinaWeibo.debug.xcconfig */;
			buildSettings = {
				ASSETCATALOG_COMPILER_APPICON_NAME = AppIcon;
				ASSETCATALOG_COMPILER_LAUNCHIMAGE_NAME = "Brand Assets";
				CLANG_ENABLE_MODULES = YES;
				INFOPLIST_FILE = Swift_SinaWeibo/Info.plist;
				IPHONEOS_DEPLOYMENT_TARGET = 8.0;
				LD_RUNPATH_SEARCH_PATHS = "$(inherited) @executable_path/Frameworks";
				PRODUCT_BUNDLE_IDENTIFIER = "com.xiongcaichang.Swift-SinaWeibo";
				PRODUCT_NAME = "$(TARGET_NAME)";
				SWIFT_OBJC_BRIDGING_HEADER = "Swift_SinaWeibo/Swift_SinaWeibo-Bridging-Header.h";
				SWIFT_OPTIMIZATION_LEVEL = "-Onone";
			};
			name = Debug;
		};
		099904F41CFAE18900865FFB /* Release */ = {
			isa = XCBuildConfiguration;
			baseConfigurationReference = F9A76289B85B35598A06AC1D /* Pods-Swift_SinaWeibo.release.xcconfig */;
			buildSettings = {
				ASSETCATALOG_COMPILER_APPICON_NAME = AppIcon;
				ASSETCATALOG_COMPILER_LAUNCHIMAGE_NAME = "Brand Assets";
				CLANG_ENABLE_MODULES = YES;
				INFOPLIST_FILE = Swift_SinaWeibo/Info.plist;
				IPHONEOS_DEPLOYMENT_TARGET = 8.0;
				LD_RUNPATH_SEARCH_PATHS = "$(inherited) @executable_path/Frameworks";
				PRODUCT_BUNDLE_IDENTIFIER = "com.xiongcaichang.Swift-SinaWeibo";
				PRODUCT_NAME = "$(TARGET_NAME)";
				SWIFT_OBJC_BRIDGING_HEADER = "Swift_SinaWeibo/Swift_SinaWeibo-Bridging-Header.h";
			};
			name = Release;
		};
/* End XCBuildConfiguration section */

/* Begin XCConfigurationList section */
		099904DB1CFAE18800865FFB /* Build configuration list for PBXProject "Swift_SinaWeibo" */ = {
			isa = XCConfigurationList;
			buildConfigurations = (
				099904F01CFAE18900865FFB /* Debug */,
				099904F11CFAE18900865FFB /* Release */,
			);
			defaultConfigurationIsVisible = 0;
			defaultConfigurationName = Release;
		};
		099904F21CFAE18900865FFB /* Build configuration list for PBXNativeTarget "Swift_SinaWeibo" */ = {
			isa = XCConfigurationList;
			buildConfigurations = (
				099904F31CFAE18900865FFB /* Debug */,
				099904F41CFAE18900865FFB /* Release */,
			);
			defaultConfigurationIsVisible = 0;
			defaultConfigurationName = Release;
		};
/* End XCConfigurationList section */
	};
	rootObject = 099904D81CFAE18800865FFB /* Project object */;
}
